// !$*UTF8*$!
{
	archiveVersion = 1;
	classes = {
	};
	objectVersion = 48;
	objects = {

/* Begin PBXBuildFile section */
		A91152DE1F59409700CC4ACC /* AppDelegate.swift in Sources */ = {isa = PBXBuildFile; fileRef = A91152DD1F59409700CC4ACC /* AppDelegate.swift */; };
		A91152E01F59409700CC4ACC /* WelcomeVC.swift in Sources */ = {isa = PBXBuildFile; fileRef = A91152DF1F59409700CC4ACC /* WelcomeVC.swift */; };
		A91152E31F59409700CC4ACC /* Main.storyboard in Resources */ = {isa = PBXBuildFile; fileRef = A91152E11F59409700CC4ACC /* Main.storyboard */; };
		A91152E51F59409700CC4ACC /* Assets.xcassets in Resources */ = {isa = PBXBuildFile; fileRef = A91152E41F59409700CC4ACC /* Assets.xcassets */; };
		A91152E81F59409700CC4ACC /* LaunchScreen.storyboard in Resources */ = {isa = PBXBuildFile; fileRef = A91152E61F59409700CC4ACC /* LaunchScreen.storyboard */; };
		A91152F11F594AE700CC4ACC /* BorderButton.swift in Sources */ = {isa = PBXBuildFile; fileRef = A91152F01F594AE700CC4ACC /* BorderButton.swift */; };
		A91152F51F5996EF00CC4ACC /* LeagueVC.swift in Sources */ = {isa = PBXBuildFile; fileRef = A91152F41F5996EF00CC4ACC /* LeagueVC.swift */; };
		A91152F71F59970A00CC4ACC /* SkillVC.swift in Sources */ = {isa = PBXBuildFile; fileRef = A91152F61F59970A00CC4ACC /* SkillVC.swift */; };
/* End PBXBuildFile section */

/* Begin PBXFileReference section */
		A91152DA1F59409700CC4ACC /* app-swoosh.app */ = {isa = PBXFileReference; explicitFileType = wrapper.application; includeInIndex = 0; path = "app-swoosh.app"; sourceTree = BUILT_PRODUCTS_DIR; };
		A91152DD1F59409700CC4ACC /* AppDelegate.swift */ = {isa = PBXFileReference; lastKnownFileType = sourcecode.swift; path = AppDelegate.swift; sourceTree = "<group>"; };
		A91152DF1F59409700CC4ACC /* WelcomeVC.swift */ = {isa = PBXFileReference; lastKnownFileType = sourcecode.swift; path = WelcomeVC.swift; sourceTree = "<group>"; };
		A91152E21F59409700CC4ACC /* Base */ = {isa = PBXFileReference; lastKnownFileType = file.storyboard; name = Base; path = Base.lproj/Main.storyboard; sourceTree = "<group>"; };
		A91152E41F59409700CC4ACC /* Assets.xcassets */ = {isa = PBXFileReference; lastKnownFileType = folder.assetcatalog; path = Assets.xcassets; sourceTree = "<group>"; };
		A91152E71F59409700CC4ACC /* Base */ = {isa = PBXFileReference; lastKnownFileType = file.storyboard; name = Base; path = Base.lproj/LaunchScreen.storyboard; sourceTree = "<group>"; };
		A91152E91F59409700CC4ACC /* Info.plist */ = {isa = PBXFileReference; lastKnownFileType = text.plist.xml; path = Info.plist; sourceTree = "<group>"; };
		A91152F01F594AE700CC4ACC /* BorderButton.swift */ = {isa = PBXFileReference; lastKnownFileType = sourcecode.swift; path = BorderButton.swift; sourceTree = "<group>"; };
		A91152F41F5996EF00CC4ACC /* LeagueVC.swift */ = {isa = PBXFileReference; lastKnownFileType = sourcecode.swift; path = LeagueVC.swift; sourceTree = "<group>"; };
		A91152F61F59970A00CC4ACC /* SkillVC.swift */ = {isa = PBXFileReference; lastKnownFileType = sourcecode.swift; path = SkillVC.swift; sourceTree = "<group>"; };
/* End PBXFileReference section */

/* Begin PBXFrameworksBuildPhase section */
		A91152D71F59409700CC4ACC /* Frameworks */ = {
			isa = PBXFrameworksBuildPhase;
			buildActionMask = 2147483647;
			files = (
			);
			runOnlyForDeploymentPostprocessing = 0;
		};
/* End PBXFrameworksBuildPhase section */

/* Begin PBXGroup section */
		A91152D11F59409700CC4ACC = {
			isa = PBXGroup;
			children = (
				A91152DC1F59409700CC4ACC /* app-swoosh */,
				A91152DB1F59409700CC4ACC /* Products */,
			);
			sourceTree = "<group>";
		};
		A91152DB1F59409700CC4ACC /* Products */ = {
			isa = PBXGroup;
			children = (
				A91152DA1F59409700CC4ACC /* app-swoosh.app */,
			);
			name = Products;
			sourceTree = "<group>";
		};
		A91152DC1F59409700CC4ACC /* app-swoosh */ = {
			isa = PBXGroup;
			children = (
				A91152F31F59952400CC4ACC /* Model */,
				A91152F21F59951600CC4ACC /* Controllers */,
				A91152EF1F594A2B00CC4ACC /* Views */,
				A91152DD1F59409700CC4ACC /* AppDelegate.swift */,
				A91152E11F59409700CC4ACC /* Main.storyboard */,
				A91152E41F59409700CC4ACC /* Assets.xcassets */,
				A91152E61F59409700CC4ACC /* LaunchScreen.storyboard */,
				A91152E91F59409700CC4ACC /* Info.plist */,
			);
			path = "app-swoosh";
			sourceTree = "<group>";
		};
		A91152EF1F594A2B00CC4ACC /* Views */ = {
			isa = PBXGroup;
			children = (
				A91152F01F594AE700CC4ACC /* BorderButton.swift */,
			);
			path = Views;
			sourceTree = "<group>";
		};
		A91152F21F59951600CC4ACC /* Controllers */ = {
			isa = PBXGroup;
			children = (
				A91152DF1F59409700CC4ACC /* WelcomeVC.swift */,
				A91152F41F5996EF00CC4ACC /* LeagueVC.swift */,
				A91152F61F59970A00CC4ACC /* SkillVC.swift */,
			);
			path = Controllers;
			sourceTree = "<group>";
		};
		A91152F31F59952400CC4ACC /* Model */ = {
			isa = PBXGroup;
			children = (
			);
			path = Model;
			sourceTree = "<group>";
		};
/* End PBXGroup section */

/* Begin PBXNativeTarget section */
		A91152D91F59409700CC4ACC /* app-swoosh */ = {
			isa = PBXNativeTarget;
			buildConfigurationList = A91152EC1F59409700CC4ACC /* Build configuration list for PBXNativeTarget "app-swoosh" */;
			buildPhases = (
				A91152D61F59409700CC4ACC /* Sources */,
				A91152D71F59409700CC4ACC /* Frameworks */,
				A91152D81F59409700CC4ACC /* Resources */,
			);
			buildRules = (
			);
			dependencies = (
			);
			name = "app-swoosh";
			productName = "app-swoosh";
			productReference = A91152DA1F59409700CC4ACC /* app-swoosh.app */;
			productType = "com.apple.product-type.application";
		};
/* End PBXNativeTarget section */

/* Begin PBXProject section */
		A91152D21F59409700CC4ACC /* Project object */ = {
			isa = PBXProject;
			attributes = {
				LastSwiftUpdateCheck = 0900;
				LastUpgradeCheck = 0900;
				ORGANIZATIONNAME = "Faye Tan";
				TargetAttributes = {
					A91152D91F59409700CC4ACC = {
						CreatedOnToolsVersion = 9.0;
						ProvisioningStyle = Automatic;
					};
				};
			};
			buildConfigurationList = A91152D51F59409700CC4ACC /* Build configuration list for PBXProject "app-swoosh" */;
			compatibilityVersion = "Xcode 8.0";
			developmentRegion = en;
			hasScannedForEncodings = 0;
			knownRegions = (
				en,
				Base,
			);
			mainGroup = A91152D11F59409700CC4ACC;
			productRefGroup = A91152DB1F59409700CC4ACC /* Products */;
			projectDirPath = "";
			projectRoot = "";
			targets = (
				A91152D91F59409700CC4ACC /* app-swoosh */,
			);
		};
/* End PBXProject section */

/* Begin PBXResourcesBuildPhase section */
		A91152D81F59409700CC4ACC /* Resources */ = {
			isa = PBXResourcesBuildPhase;
			buildActionMask = 2147483647;
			files = (
				A91152E81F59409700CC4ACC /* LaunchScreen.storyboard in Resources */,
				A91152E51F59409700CC4ACC /* Assets.xcassets in Resources */,
				A91152E31F59409700CC4ACC /* Main.storyboard in Resources */,
			);
			runOnlyForDeploymentPostprocessing = 0;
		};
/* End PBXResourcesBuildPhase section */

/* Begin PBXSourcesBuildPhase section */
		A91152D61F59409700CC4ACC /* Sources */ = {
			isa = PBXSourcesBuildPhase;
			buildActionMask = 2147483647;
			files = (
				A91152E01F59409700CC4ACC /* WelcomeVC.swift in Sources */,
				A91152F51F5996EF00CC4ACC /* LeagueVC.swift in Sources */,
				A91152DE1F59409700CC4ACC /* AppDelegate.swift in Sources */,
				A91152F71F59970A00CC4ACC /* SkillVC.swift in Sources */,
				A91152F11F594AE700CC4ACC /* BorderButton.swift in Sources */,
			);
			runOnlyForDeploymentPostprocessing = 0;
		};
/* End PBXSourcesBuildPhase section */

/* Begin PBXVariantGroup section */
		A91152E11F59409700CC4ACC /* Main.storyboard */ = {
			isa = PBXVariantGroup;
			children = (
				A91152E21F59409700CC4ACC /* Base */,
			);
			name = Main.storyboard;
			sourceTree = "<group>";
		};
		A91152E61F59409700CC4ACC /* LaunchScreen.storyboard */ = {
			isa = PBXVariantGroup;
			children = (
				A91152E71F59409700CC4ACC /* Base */,
			);
			name = LaunchScreen.storyboard;
			sourceTree = "<group>";
		};
/* End PBXVariantGroup section */

/* Begin XCBuildConfiguration section */
		A91152EA1F59409700CC4ACC /* Debug */ = {
			isa = XCBuildConfiguration;
			buildSettings = {
				ALWAYS_SEARCH_USER_PATHS = NO;
				CLANG_ANALYZER_NONNULL = YES;
				CLANG_ANALYZER_NUMBER_OBJECT_CONVERSION = YES_AGGRESSIVE;
				CLANG_CXX_LANGUAGE_STANDARD = "gnu++14";
				CLANG_CXX_LIBRARY = "libc++";
				CLANG_ENABLE_MODULES = YES;
				CLANG_ENABLE_OBJC_ARC = YES;
				CLANG_WARN_BLOCK_CAPTURE_AUTORELEASING = YES;
				CLANG_WARN_BOOL_CONVERSION = YES;
				CLANG_WARN_COMMA = YES;
				CLANG_WARN_CONSTANT_CONVERSION = YES;
				CLANG_WARN_DIRECT_OBJC_ISA_USAGE = YES_ERROR;
				CLANG_WARN_DOCUMENTATION_COMMENTS = YES;
				CLANG_WARN_EMPTY_BODY = YES;
				CLANG_WARN_ENUM_CONVERSION = YES;
				CLANG_WARN_INFINITE_RECURSION = YES;
				CLANG_WARN_INT_CONVERSION = YES;
				CLANG_WARN_NON_LITERAL_NULL_CONVERSION = YES;
				CLANG_WARN_OBJC_LITERAL_CONVERSION = YES;
				CLANG_WARN_OBJC_ROOT_CLASS = YES_ERROR;
				CLANG_WARN_RANGE_LOOP_ANALYSIS = YES;
				CLANG_WARN_STRICT_PROTOTYPES = YES;
				CLANG_WARN_SUSPICIOUS_MOVE = YES;
				CLANG_WARN_UNGUARDED_AVAILABILITY = YES_AGGRESSIVE;
				CLANG_WARN_UNREACHABLE_CODE = YES;
				CLANG_WARN__DUPLICATE_METHOD_MATCH = YES;
				CODE_SIGN_IDENTITY = "iPhone Developer";
				COPY_PHASE_STRIP = NO;
				DEBUG_INFORMATION_FORMAT = dwarf;
				ENABLE_STRICT_OBJC_MSGSEND = YES;
				ENABLE_TESTABILITY = YES;
				GCC_C_LANGUAGE_STANDARD = gnu11;
				GCC_DYNAMIC_NO_PIC = NO;
				GCC_NO_COMMON_BLOCKS = YES;
				GCC_OPTIMIZATION_LEVEL = 0;
				GCC_PREPROCESSOR_DEFINITIONS = (
					"DEBUG=1",
					"$(inherited)",
				);
				GCC_WARN_64_TO_32_BIT_CONVERSION = YES;
				GCC_WARN_ABOUT_RETURN_TYPE = YES_ERROR;
				GCC_WARN_UNDECLARED_SELECTOR = YES;
				GCC_WARN_UNINITIALIZED_AUTOS = YES_AGGRESSIVE;
				GCC_WARN_UNUSED_FUNCTION = YES;
				GCC_WARN_UNUSED_VARIABLE = YES;
				IPHONEOS_DEPLOYMENT_TARGET = 11.0;
				MTL_ENABLE_DEBUG_INFO = YES;
				ONLY_ACTIVE_ARCH = YES;
				SDKROOT = iphoneos;
				SWIFT_ACTIVE_COMPILATION_CONDITIONS = DEBUG;
				SWIFT_OPTIMIZATION_LEVEL = "-Onone";
			};
			name = Debug;
		};
		A91152EB1F59409700CC4ACC /* Release */ = {
			isa = XCBuildConfiguration;
			buildSettings = {
				ALWAYS_SEARCH_USER_PATHS = NO;
				CLANG_ANALYZER_NONNULL = YES;
				CLANG_ANALYZER_NUMBER_OBJECT_CONVERSION = YES_AGGRESSIVE;
				CLANG_CXX_LANGUAGE_STANDARD = "gnu++14";
				CLANG_CXX_LIBRARY = "libc++";
				CLANG_ENABLE_MODULES = YES;
				CLANG_ENABLE_OBJC_ARC = YES;
				CLANG_WARN_BLOCK_CAPTURE_AUTORELEASING = YES;
				CLANG_WARN_BOOL_CONVERSION = YES;
				CLANG_WARN_COMMA = YES;
				CLANG_WARN_CONSTANT_CONVERSION = YES;
				CLANG_WARN_DIRECT_OBJC_ISA_USAGE = YES_ERROR;
				CLANG_WARN_DOCUMENTATION_COMMENTS = YES;
				CLANG_WARN_EMPTY_BODY = YES;
				CLANG_WARN_ENUM_CONVERSION = YES;
				CLANG_WARN_INFINITE_RECURSION = YES;
				CLANG_WARN_INT_CONVERSION = YES;
				CLANG_WARN_NON_LITERAL_NULL_CONVERSION = YES;
				CLANG_WARN_OBJC_LITERAL_CONVERSION = YES;
				CLANG_WARN_OBJC_ROOT_CLASS = YES_ERROR;
				CLANG_WARN_RANGE_LOOP_ANALYSIS = YES;
				CLANG_WARN_STRICT_PROTOTYPES = YES;
				CLANG_WARN_SUSPICIOUS_MOVE = YES;
				CLANG_WARN_UNGUARDED_AVAILABILITY = YES_AGGRESSIVE;
				CLANG_WARN_UNREACHABLE_CODE = YES;
				CLANG_WARN__DUPLICATE_METHOD_MATCH = YES;
				CODE_SIGN_IDENTITY = "iPhone Developer";
				COPY_PHASE_STRIP = NO;
				DEBUG_INFORMATION_FORMAT = "dwarf-with-dsym";
				ENABLE_NS_ASSERTIONS = NO;
				ENABLE_STRICT_OBJC_MSGSEND = YES;
				GCC_C_LANGUAGE_STANDARD = gnu11;
				GCC_NO_COMMON_BLOCKS = YES;
				GCC_WARN_64_TO_32_BIT_CONVERSION = YES;
				GCC_WARN_ABOUT_RETURN_TYPE = YES_ERROR;
				GCC_WARN_UNDECLARED_SELECTOR = YES;
				GCC_WARN_UNINITIALIZED_AUTOS = YES_AGGRESSIVE;
				GCC_WARN_UNUSED_FUNCTION = YES;
				GCC_WARN_UNUSED_VARIABLE = YES;
				IPHONEOS_DEPLOYMENT_TARGET = 11.0;
				MTL_ENABLE_DEBUG_INFO = NO;
				SDKROOT = iphoneos;
				SWIFT_OPTIMIZATION_LEVEL = "-Owholemodule";
				VALIDATE_PRODUCT = YES;
			};
			name = Release;
		};
		A91152ED1F59409700CC4ACC /* Debug */ = {
			isa = XCBuildConfiguration;
			buildSettings = {
				ASSETCATALOG_COMPILER_APPICON_NAME = AppIcon;
				CODE_SIGN_STYLE = Automatic;
				DEVELOPMENT_TEAM = 4KT5A6R9ZZ;
				INFOPLIST_FILE = "app-swoosh/Info.plist";
				LD_RUNPATH_SEARCH_PATHS = "$(inherited) @executable_path/Frameworks";
				PRODUCT_BUNDLE_IDENTIFIER = "com.fayetan.app-swoosh";
				PRODUCT_NAME = "$(TARGET_NAME)";
				SWIFT_VERSION = 4.0;
				TARGETED_DEVICE_FAMILY = "1,2";
			};
			name = Debug;
		};
		A91152EE1F59409700CC4ACC /* Release */ = {
			isa = XCBuildConfiguration;
			buildSettings = {
				ASSETCATALOG_COMPILER_APPICON_NAME = AppIcon;
				CODE_SIGN_STYLE = Automatic;
				DEVELOPMENT_TEAM = 4KT5A6R9ZZ;
				INFOPLIST_FILE = "app-swoosh/Info.plist";
				LD_RUNPATH_SEARCH_PATHS = "$(inherited) @executable_path/Frameworks";
				PRODUCT_BUNDLE_IDENTIFIER = "com.fayetan.app-swoosh";
				PRODUCT_NAME = "$(TARGET_NAME)";
				SWIFT_VERSION = 4.0;
				TARGETED_DEVICE_FAMILY = "1,2";
			};
			name = Release;
		};
/* End XCBuildConfiguration section */

/* Begin XCConfigurationList section */
		A91152D51F59409700CC4ACC /* Build configuration list for PBXProject "app-swoosh" */ = {
			isa = XCConfigurationList;
			buildConfigurations = (
				A91152EA1F59409700CC4ACC /* Debug */,
				A91152EB1F59409700CC4ACC /* Release */,
			);
			defaultConfigurationIsVisible = 0;
			defaultConfigurationName = Release;
		};
		A91152EC1F59409700CC4ACC /* Build configuration list for PBXNativeTarget "app-swoosh" */ = {
			isa = XCConfigurationList;
			buildConfigurations = (
				A91152ED1F59409700CC4ACC /* Debug */,
				A91152EE1F59409700CC4ACC /* Release */,
			);
			defaultConfigurationIsVisible = 0;
			defaultConfigurationName = Release;
		};
/* End XCConfigurationList section */
	};
	rootObject = A91152D21F59409700CC4ACC /* Project object */;
}
